
Microsoft Visual Studio Solution File, Format Version 12.00
# Visual Studio Version 17
VisualStudioVersion = 17.9.34701.34
MinimumVisualStudioVersion = 10.0.40219.1
Project("{9A19103F-16F7-4668-BE54-9A1E7A4F7556}") = "BLEHelper.Linux", "BLEHelper.Linux\BLEHelper.Linux.csproj", "{F00ADFAB-BFF3-4BBD-8960-392F5C05A038}"
EndProject
Global
	GlobalSection(SolutionConfigurationPlatforms) = preSolution
		Debug|Any CPU = Debug|Any CPU
		Release|Any CPU = Release|Any CPU
	EndGlobalSection
	GlobalSection(ProjectConfigurationPlatforms) = postSolution
		{F00ADFAB-BFF3-4BBD-8960-392F5C05A038}.Debug|Any CPU.ActiveCfg = Debug|Any CPU
		{F00ADFAB-BFF3-4BBD-8960-392F5C05A038}.Debug|Any CPU.Build.0 = Debug|Any CPU
		{F00ADFAB-BFF3-4BBD-8960-392F5C05A038}.Release|Any CPU.ActiveCfg = Release|Any CPU
		{F00ADFAB-BFF3-4BBD-8960-392F5C05A038}.Release|Any CPU.Build.0 = Release|Any CPU
	EndGlobalSection
	GlobalSection(SolutionProperties) = preSolution
		HideSolutionNode = FALSE
	EndGlobalSection
	GlobalSection(ExtensibilityGlobals) = postSolution
		SolutionGuid = {E569E30E-C113-4816-8A70-C66EBE4FDD54}
	EndGlobalSection
EndGlobal
