
Microsoft Visual Studio Solution File, Format Version 12.00
# Visual Studio Version 17
VisualStudioVersion = 17.9.34701.34
MinimumVisualStudioVersion = 10.0.40219.1
Project("{FAE04EC0-301F-11D3-BF4B-00C04F79EFBC}") = "BLEHelper.Python.Invoker", "BLEHelper.Python.Invoker\BLEHelper.Python.Invoker.csproj", "{F07808A9-FBB1-4919-9754-474A0DFC7847}"
EndProject
Global
	GlobalSection(SolutionConfigurationPlatforms) = preSolution
		Debug|Any CPU = Debug|Any CPU
		Release|Any CPU = Release|Any CPU
	EndGlobalSection
	GlobalSection(ProjectConfigurationPlatforms) = postSolution
		{F07808A9-FBB1-4919-9754-474A0DFC7847}.Debug|Any CPU.ActiveCfg = Debug|Any CPU
		{F07808A9-FBB1-4919-9754-474A0DFC7847}.Debug|Any CPU.Build.0 = Debug|Any CPU
		{F07808A9-FBB1-4919-9754-474A0DFC7847}.Release|Any CPU.ActiveCfg = Release|Any CPU
		{F07808A9-FBB1-4919-9754-474A0DFC7847}.Release|Any CPU.Build.0 = Release|Any CPU
	EndGlobalSection
	GlobalSection(SolutionProperties) = preSolution
		HideSolutionNode = FALSE
	EndGlobalSection
	GlobalSection(ExtensibilityGlobals) = postSolution
		SolutionGuid = {E569E30E-C113-4816-8A70-C66EBE4FDD54}
	EndGlobalSection
EndGlobal
